
Microsoft Visual Studio Solution File, Format Version 12.00
# Visual Studio Version 16
VisualStudioVersion = 16.0.30204.135
MinimumVisualStudioVersion = 10.0.40219.1
Project("{FAE04EC0-301F-11D3-BF4B-00C04F79EFBC}") = "Smin.Book", "Smin.Book\Smin.Book.csproj", "{AF6D1D74-612A-4710-B947-3FE1C46930E3}"
EndProject
Project("{FAE04EC0-301F-11D3-BF4B-00C04F79EFBC}") = "Book.BL", "Book.BL\Book.BL.csproj", "{67E02D4D-3AC7-44C1-8248-27757895E74E}"
EndProject
Project("{FAE04EC0-301F-11D3-BF4B-00C04F79EFBC}") = "Book.DL", "Book.DL\Book.DL.csproj", "{ACAE4479-1F21-437C-9709-E8576CE86FF1}"
EndProject
Project("{FAE04EC0-301F-11D3-BF4B-00C04F79EFBC}") = "Book.Entity", "Book.Entity\Book.Entity.csproj", "{C2665BBE-52BE-4E42-9653-3D02719FC336}"
EndProject
Global
	GlobalSection(SolutionConfigurationPlatforms) = preSolution
		Debug|Any CPU = Debug|Any CPU
		Release|Any CPU = Release|Any CPU
	EndGlobalSection
	GlobalSection(ProjectConfigurationPlatforms) = postSolution
		{AF6D1D74-612A-4710-B947-3FE1C46930E3}.Debug|Any CPU.ActiveCfg = Debug|Any CPU
		{AF6D1D74-612A-4710-B947-3FE1C46930E3}.Debug|Any CPU.Build.0 = Debug|Any CPU
		{AF6D1D74-612A-4710-B947-3FE1C46930E3}.Release|Any CPU.ActiveCfg = Release|Any CPU
		{AF6D1D74-612A-4710-B947-3FE1C46930E3}.Release|Any CPU.Build.0 = Release|Any CPU
		{67E02D4D-3AC7-44C1-8248-27757895E74E}.Debug|Any CPU.ActiveCfg = Debug|Any CPU
		{67E02D4D-3AC7-44C1-8248-27757895E74E}.Debug|Any CPU.Build.0 = Debug|Any CPU
		{67E02D4D-3AC7-44C1-8248-27757895E74E}.Release|Any CPU.ActiveCfg = Release|Any CPU
		{67E02D4D-3AC7-44C1-8248-27757895E74E}.Release|Any CPU.Build.0 = Release|Any CPU
		{ACAE4479-1F21-437C-9709-E8576CE86FF1}.Debug|Any CPU.ActiveCfg = Debug|Any CPU
		{ACAE4479-1F21-437C-9709-E8576CE86FF1}.Debug|Any CPU.Build.0 = Debug|Any CPU
		{ACAE4479-1F21-437C-9709-E8576CE86FF1}.Release|Any CPU.ActiveCfg = Release|Any CPU
		{ACAE4479-1F21-437C-9709-E8576CE86FF1}.Release|Any CPU.Build.0 = Release|Any CPU
		{C2665BBE-52BE-4E42-9653-3D02719FC336}.Debug|Any CPU.ActiveCfg = Debug|Any CPU
		{C2665BBE-52BE-4E42-9653-3D02719FC336}.Debug|Any CPU.Build.0 = Debug|Any CPU
		{C2665BBE-52BE-4E42-9653-3D02719FC336}.Release|Any CPU.ActiveCfg = Release|Any CPU
		{C2665BBE-52BE-4E42-9653-3D02719FC336}.Release|Any CPU.Build.0 = Release|Any CPU
	EndGlobalSection
	GlobalSection(SolutionProperties) = preSolution
		HideSolutionNode = FALSE
	EndGlobalSection
	GlobalSection(ExtensibilityGlobals) = postSolution
		SolutionGuid = {B8489A48-9D55-4119-989B-2ABB1650C7E9}
	EndGlobalSection
EndGlobal
